
Microsoft Visual Studio Solution File, Format Version 12.00
# Visual Studio Version 17
VisualStudioVersion = 17.2.32616.157
MinimumVisualStudioVersion = 10.0.40219.1
Project("{FAE04EC0-301F-11D3-BF4B-00C04F79EFBC}") = "TweetApp.Api", "TweetApp\TweetApp.Api.csproj", "{3ED10822-D2B0-4EE8-BF5B-F18A7F9AB55A}"
EndProject
Project("{FAE04EC0-301F-11D3-BF4B-00C04F79EFBC}") = "TweetApp.Model", "TweetApp.Model\TweetApp.Model.csproj", "{36B5D45F-DAEF-4E55-98CB-2E7D0812CD11}"
EndProject
Project("{FAE04EC0-301F-11D3-BF4B-00C04F79EFBC}") = "TweetApp.Repository", "TweetApp.Repository\TweetApp.Repository.csproj", "{AE210C19-DCE5-4708-AC08-32061A472E14}"
EndProject
Project("{FAE04EC0-301F-11D3-BF4B-00C04F79EFBC}") = "TweetApp.Service", "TweetApp.Service\TweetApp.Service.csproj", "{FA9F44A0-CECB-4420-9EE3-9053837D0FB9}"
EndProject
Project("{FAE04EC0-301F-11D3-BF4B-00C04F79EFBC}") = "RabbitMQLogger", "RabbitMQLogger\RabbitMQLogger.csproj", "{D1E0EB47-A65B-4A0E-8EEE-05E569051AF1}"
EndProject
Global
	GlobalSection(SolutionConfigurationPlatforms) = preSolution
		Debug|Any CPU = Debug|Any CPU
		Release|Any CPU = Release|Any CPU
	EndGlobalSection
	GlobalSection(ProjectConfigurationPlatforms) = postSolution
		{3ED10822-D2B0-4EE8-BF5B-F18A7F9AB55A}.Debug|Any CPU.ActiveCfg = Debug|Any CPU
		{3ED10822-D2B0-4EE8-BF5B-F18A7F9AB55A}.Debug|Any CPU.Build.0 = Debug|Any CPU
		{3ED10822-D2B0-4EE8-BF5B-F18A7F9AB55A}.Release|Any CPU.ActiveCfg = Release|Any CPU
		{3ED10822-D2B0-4EE8-BF5B-F18A7F9AB55A}.Release|Any CPU.Build.0 = Release|Any CPU
		{36B5D45F-DAEF-4E55-98CB-2E7D0812CD11}.Debug|Any CPU.ActiveCfg = Debug|Any CPU
		{36B5D45F-DAEF-4E55-98CB-2E7D0812CD11}.Debug|Any CPU.Build.0 = Debug|Any CPU
		{36B5D45F-DAEF-4E55-98CB-2E7D0812CD11}.Release|Any CPU.ActiveCfg = Release|Any CPU
		{36B5D45F-DAEF-4E55-98CB-2E7D0812CD11}.Release|Any CPU.Build.0 = Release|Any CPU
		{AE210C19-DCE5-4708-AC08-32061A472E14}.Debug|Any CPU.ActiveCfg = Debug|Any CPU
		{AE210C19-DCE5-4708-AC08-32061A472E14}.Debug|Any CPU.Build.0 = Debug|Any CPU
		{AE210C19-DCE5-4708-AC08-32061A472E14}.Release|Any CPU.ActiveCfg = Release|Any CPU
		{AE210C19-DCE5-4708-AC08-32061A472E14}.Release|Any CPU.Build.0 = Release|Any CPU
		{FA9F44A0-CECB-4420-9EE3-9053837D0FB9}.Debug|Any CPU.ActiveCfg = Debug|Any CPU
		{FA9F44A0-CECB-4420-9EE3-9053837D0FB9}.Debug|Any CPU.Build.0 = Debug|Any CPU
		{FA9F44A0-CECB-4420-9EE3-9053837D0FB9}.Release|Any CPU.ActiveCfg = Release|Any CPU
		{FA9F44A0-CECB-4420-9EE3-9053837D0FB9}.Release|Any CPU.Build.0 = Release|Any CPU
		{D1E0EB47-A65B-4A0E-8EEE-05E569051AF1}.Debug|Any CPU.ActiveCfg = Debug|Any CPU
		{D1E0EB47-A65B-4A0E-8EEE-05E569051AF1}.Debug|Any CPU.Build.0 = Debug|Any CPU
		{D1E0EB47-A65B-4A0E-8EEE-05E569051AF1}.Release|Any CPU.ActiveCfg = Release|Any CPU
		{D1E0EB47-A65B-4A0E-8EEE-05E569051AF1}.Release|Any CPU.Build.0 = Release|Any CPU
	EndGlobalSection
	GlobalSection(SolutionProperties) = preSolution
		HideSolutionNode = FALSE
	EndGlobalSection
	GlobalSection(ExtensibilityGlobals) = postSolution
		SolutionGuid = {6D28889D-9C1D-44AB-84CB-BC24A968E399}
	EndGlobalSection
EndGlobal
